// !$*UTF8*$!
{
	archiveVersion = 1;
	classes = {
	};
	objectVersion = 55;
	objects = {

/* Begin PBXBuildFile section */
		4190D804BBE939BABADD9363 /* Pods_JustEatDemoTests.framework in Frameworks */ = {isa = PBXBuildFile; fileRef = A7A0BDAC4CC92207D35411F3 /* Pods_JustEatDemoTests.framework */; };
		6E1D343327F3852600EBBB26 /* AppDelegate.swift in Sources */ = {isa = PBXBuildFile; fileRef = 6E1D343227F3852600EBBB26 /* AppDelegate.swift */; };
		6E1D343527F3852600EBBB26 /* SceneDelegate.swift in Sources */ = {isa = PBXBuildFile; fileRef = 6E1D343427F3852600EBBB26 /* SceneDelegate.swift */; };
		6E1D343A27F3852600EBBB26 /* Main.storyboard in Resources */ = {isa = PBXBuildFile; fileRef = 6E1D343827F3852600EBBB26 /* Main.storyboard */; };
		6E1D343C27F3852800EBBB26 /* Assets.xcassets in Resources */ = {isa = PBXBuildFile; fileRef = 6E1D343B27F3852800EBBB26 /* Assets.xcassets */; };
		6E1D343F27F3852800EBBB26 /* LaunchScreen.storyboard in Resources */ = {isa = PBXBuildFile; fileRef = 6E1D343D27F3852800EBBB26 /* LaunchScreen.storyboard */; };
		6E1D344A27F3852900EBBB26 /* JustEatDemoTests.swift in Sources */ = {isa = PBXBuildFile; fileRef = 6E1D344927F3852900EBBB26 /* JustEatDemoTests.swift */; };
		6E1D345427F3852900EBBB26 /* JustEatDemoUITests.swift in Sources */ = {isa = PBXBuildFile; fileRef = 6E1D345327F3852900EBBB26 /* JustEatDemoUITests.swift */; };
		6E1D345627F3852900EBBB26 /* JustEatDemoUITestsLaunchTests.swift in Sources */ = {isa = PBXBuildFile; fileRef = 6E1D345527F3852900EBBB26 /* JustEatDemoUITestsLaunchTests.swift */; };
		6E1D346927F3885900EBBB26 /* Restaurant.swift in Sources */ = {isa = PBXBuildFile; fileRef = 6E1D346827F3885900EBBB26 /* Restaurant.swift */; };
		6E1D346B27F3896100EBBB26 /* SortingValues.swift in Sources */ = {isa = PBXBuildFile; fileRef = 6E1D346A27F3896100EBBB26 /* SortingValues.swift */; };
		6E1D346D27F389ED00EBBB26 /* example.json in Resources */ = {isa = PBXBuildFile; fileRef = 6E1D346C27F389ED00EBBB26 /* example.json */; };
		6E1D347027F3917600EBBB26 /* HomeProtocols.swift in Sources */ = {isa = PBXBuildFile; fileRef = 6E1D346F27F3917600EBBB26 /* HomeProtocols.swift */; };
		6E1D347327F39DDA00EBBB26 /* NestedDecodable.swift in Sources */ = {isa = PBXBuildFile; fileRef = 6E1D347227F39DDA00EBBB26 /* NestedDecodable.swift */; };
		6EB2645427FA07A40083AE32 /* SortViewController.swift in Sources */ = {isa = PBXBuildFile; fileRef = 6EB2645327FA07A40083AE32 /* SortViewController.swift */; };
		6EC2FBBE27FA46850005EE03 /* SortOptionTableViewCell.swift in Sources */ = {isa = PBXBuildFile; fileRef = 6EC2FBBC27FA46850005EE03 /* SortOptionTableViewCell.swift */; };
		6EC2FBBF27FA46850005EE03 /* SortOptionTableViewCell.xib in Resources */ = {isa = PBXBuildFile; fileRef = 6EC2FBBD27FA46850005EE03 /* SortOptionTableViewCell.xib */; };
		6EF147EB27FFA45700F7DE6E /* HomeWireFrame.swift in Sources */ = {isa = PBXBuildFile; fileRef = 6EF147EA27FFA45700F7DE6E /* HomeWireFrame.swift */; };
		6EF147ED27FFA47E00F7DE6E /* HomeViewController.swift in Sources */ = {isa = PBXBuildFile; fileRef = 6EF147EC27FFA47E00F7DE6E /* HomeViewController.swift */; };
		6EF147F027FFA4A500F7DE6E /* RestaurantTableViewCell.swift in Sources */ = {isa = PBXBuildFile; fileRef = 6EF147EE27FFA4A500F7DE6E /* RestaurantTableViewCell.swift */; };
		6EF147F127FFA4A500F7DE6E /* RestaurantTableViewCell.xib in Resources */ = {isa = PBXBuildFile; fileRef = 6EF147EF27FFA4A500F7DE6E /* RestaurantTableViewCell.xib */; };
		6EF147F327FFA4B200F7DE6E /* HomePresenter.swift in Sources */ = {isa = PBXBuildFile; fileRef = 6EF147F227FFA4B200F7DE6E /* HomePresenter.swift */; };
		6EF147F527FFA4BD00F7DE6E /* HomeInteractor.swift in Sources */ = {isa = PBXBuildFile; fileRef = 6EF147F427FFA4BD00F7DE6E /* HomeInteractor.swift */; };
		6EF147F727FFA4CA00F7DE6E /* HomeLocalDataManager.swift in Sources */ = {isa = PBXBuildFile; fileRef = 6EF147F627FFA4CA00F7DE6E /* HomeLocalDataManager.swift */; };
		6EF147F927FFA4DE00F7DE6E /* SortingWireFrame.swift in Sources */ = {isa = PBXBuildFile; fileRef = 6EF147F827FFA4DE00F7DE6E /* SortingWireFrame.swift */; };
		6EF147FB27FFA4EB00F7DE6E /* SortingPresenter.swift in Sources */ = {isa = PBXBuildFile; fileRef = 6EF147FA27FFA4EB00F7DE6E /* SortingPresenter.swift */; };
		6EF147FD27FFA4F500F7DE6E /* SortingProtocols.swift in Sources */ = {isa = PBXBuildFile; fileRef = 6EF147FC27FFA4F500F7DE6E /* SortingProtocols.swift */; };
		6EF147FF27FFA50300F7DE6E /* ImageLinker.swift in Sources */ = {isa = PBXBuildFile; fileRef = 6EF147FE27FFA50300F7DE6E /* ImageLinker.swift */; };
		6EF1480427FFA51200F7DE6E /* UIViewControllerExtension.swift in Sources */ = {isa = PBXBuildFile; fileRef = 6EF1480027FFA51200F7DE6E /* UIViewControllerExtension.swift */; };
		6EF1480527FFA51200F7DE6E /* UIViewExtension.swift in Sources */ = {isa = PBXBuildFile; fileRef = 6EF1480127FFA51200F7DE6E /* UIViewExtension.swift */; };
		6EF1480627FFA51200F7DE6E /* UserDefaultsExtension.swift in Sources */ = {isa = PBXBuildFile; fileRef = 6EF1480227FFA51200F7DE6E /* UserDefaultsExtension.swift */; };
		6EF1480727FFA51200F7DE6E /* UIColorExtension.swift in Sources */ = {isa = PBXBuildFile; fileRef = 6EF1480327FFA51200F7DE6E /* UIColorExtension.swift */; };
		76D53815F45C2AEBA228B721 /* Pods_JustEatDemo.framework in Frameworks */ = {isa = PBXBuildFile; fileRef = 655969A874416C8DA7311B4F /* Pods_JustEatDemo.framework */; };
		AE41EC8936BE442BE9CEE562 /* Pods_JustEatDemo_JustEatDemoUITests.framework in Frameworks */ = {isa = PBXBuildFile; fileRef = C23B41D4E63CF6915B160572 /* Pods_JustEatDemo_JustEatDemoUITests.framework */; };
/* End PBXBuildFile section */

/* Begin PBXContainerItemProxy section */
		6E1D344627F3852900EBBB26 /* PBXContainerItemProxy */ = {
			isa = PBXContainerItemProxy;
			containerPortal = 6E1D342727F3852600EBBB26 /* Project object */;
			proxyType = 1;
			remoteGlobalIDString = 6E1D342E27F3852600EBBB26;
			remoteInfo = JustEatDemo;
		};
		6E1D345027F3852900EBBB26 /* PBXContainerItemProxy */ = {
			isa = PBXContainerItemProxy;
			containerPortal = 6E1D342727F3852600EBBB26 /* Project object */;
			proxyType = 1;
			remoteGlobalIDString = 6E1D342E27F3852600EBBB26;
			remoteInfo = JustEatDemo;
		};
/* End PBXContainerItemProxy section */

/* Begin PBXFileReference section */
		607CB27A70799368FCDDB39D /* Pods-JustEatDemoTests.debug.xcconfig */ = {isa = PBXFileReference; includeInIndex = 1; lastKnownFileType = text.xcconfig; name = "Pods-JustEatDemoTests.debug.xcconfig"; path = "Target Support Files/Pods-JustEatDemoTests/Pods-JustEatDemoTests.debug.xcconfig"; sourceTree = "<group>"; };
		655969A874416C8DA7311B4F /* Pods_JustEatDemo.framework */ = {isa = PBXFileReference; explicitFileType = wrapper.framework; includeInIndex = 0; path = Pods_JustEatDemo.framework; sourceTree = BUILT_PRODUCTS_DIR; };
		6E1D342F27F3852600EBBB26 /* JustEatDemo.app */ = {isa = PBXFileReference; explicitFileType = wrapper.application; includeInIndex = 0; path = JustEatDemo.app; sourceTree = BUILT_PRODUCTS_DIR; };
		6E1D343227F3852600EBBB26 /* AppDelegate.swift */ = {isa = PBXFileReference; lastKnownFileType = sourcecode.swift; path = AppDelegate.swift; sourceTree = "<group>"; };
		6E1D343427F3852600EBBB26 /* SceneDelegate.swift */ = {isa = PBXFileReference; lastKnownFileType = sourcecode.swift; path = SceneDelegate.swift; sourceTree = "<group>"; };
		6E1D343927F3852600EBBB26 /* Base */ = {isa = PBXFileReference; lastKnownFileType = file.storyboard; name = Base; path = Base.lproj/Main.storyboard; sourceTree = "<group>"; };
		6E1D343B27F3852800EBBB26 /* Assets.xcassets */ = {isa = PBXFileReference; lastKnownFileType = folder.assetcatalog; path = Assets.xcassets; sourceTree = "<group>"; };
		6E1D343E27F3852800EBBB26 /* Base */ = {isa = PBXFileReference; lastKnownFileType = file.storyboard; name = Base; path = Base.lproj/LaunchScreen.storyboard; sourceTree = "<group>"; };
		6E1D344027F3852800EBBB26 /* Info.plist */ = {isa = PBXFileReference; lastKnownFileType = text.plist.xml; path = Info.plist; sourceTree = "<group>"; };
		6E1D344527F3852900EBBB26 /* JustEatDemoTests.xctest */ = {isa = PBXFileReference; explicitFileType = wrapper.cfbundle; includeInIndex = 0; path = JustEatDemoTests.xctest; sourceTree = BUILT_PRODUCTS_DIR; };
		6E1D344927F3852900EBBB26 /* JustEatDemoTests.swift */ = {isa = PBXFileReference; lastKnownFileType = sourcecode.swift; path = JustEatDemoTests.swift; sourceTree = "<group>"; };
		6E1D344F27F3852900EBBB26 /* JustEatDemoUITests.xctest */ = {isa = PBXFileReference; explicitFileType = wrapper.cfbundle; includeInIndex = 0; path = JustEatDemoUITests.xctest; sourceTree = BUILT_PRODUCTS_DIR; };
		6E1D345327F3852900EBBB26 /* JustEatDemoUITests.swift */ = {isa = PBXFileReference; lastKnownFileType = sourcecode.swift; path = JustEatDemoUITests.swift; sourceTree = "<group>"; };
		6E1D345527F3852900EBBB26 /* JustEatDemoUITestsLaunchTests.swift */ = {isa = PBXFileReference; lastKnownFileType = sourcecode.swift; path = JustEatDemoUITestsLaunchTests.swift; sourceTree = "<group>"; };
		6E1D346827F3885900EBBB26 /* Restaurant.swift */ = {isa = PBXFileReference; lastKnownFileType = sourcecode.swift; path = Restaurant.swift; sourceTree = "<group>"; };
		6E1D346A27F3896100EBBB26 /* SortingValues.swift */ = {isa = PBXFileReference; lastKnownFileType = sourcecode.swift; path = SortingValues.swift; sourceTree = "<group>"; };
		6E1D346C27F389ED00EBBB26 /* example.json */ = {isa = PBXFileReference; fileEncoding = 4; lastKnownFileType = text.json; path = example.json; sourceTree = "<group>"; };
		6E1D346F27F3917600EBBB26 /* HomeProtocols.swift */ = {isa = PBXFileReference; lastKnownFileType = sourcecode.swift; path = HomeProtocols.swift; sourceTree = "<group>"; };
		6E1D347227F39DDA00EBBB26 /* NestedDecodable.swift */ = {isa = PBXFileReference; lastKnownFileType = sourcecode.swift; path = NestedDecodable.swift; sourceTree = "<group>"; };
		6EB2645327FA07A40083AE32 /* SortViewController.swift */ = {isa = PBXFileReference; lastKnownFileType = sourcecode.swift; path = SortViewController.swift; sourceTree = "<group>"; };
		6EC2FBBC27FA46850005EE03 /* SortOptionTableViewCell.swift */ = {isa = PBXFileReference; lastKnownFileType = sourcecode.swift; path = SortOptionTableViewCell.swift; sourceTree = "<group>"; };
		6EC2FBBD27FA46850005EE03 /* SortOptionTableViewCell.xib */ = {isa = PBXFileReference; lastKnownFileType = file.xib; path = SortOptionTableViewCell.xib; sourceTree = "<group>"; };
		6EF147EA27FFA45700F7DE6E /* HomeWireFrame.swift */ = {isa = PBXFileReference; fileEncoding = 4; lastKnownFileType = sourcecode.swift; name = HomeWireFrame.swift; path = "../../../../../../../../addinn-ala/Documents/repositories/JustEatDemo/JustEatDemo/Modules/Home/WireFrame/HomeWireFrame.swift"; sourceTree = "<group>"; };
		6EF147EC27FFA47E00F7DE6E /* HomeViewController.swift */ = {isa = PBXFileReference; fileEncoding = 4; lastKnownFileType = sourcecode.swift; name = HomeViewController.swift; path = "../../../../../../../../addinn-ala/Documents/repositories/JustEatDemo/JustEatDemo/Modules/Home/View/HomeViewController.swift"; sourceTree = "<group>"; };
		6EF147EE27FFA4A500F7DE6E /* RestaurantTableViewCell.swift */ = {isa = PBXFileReference; fileEncoding = 4; lastKnownFileType = sourcecode.swift; name = RestaurantTableViewCell.swift; path = "../../../../../../../../../addinn-ala/Documents/repositories/JustEatDemo/JustEatDemo/Modules/Home/View/Cells/RestaurantTableViewCell.swift"; sourceTree = "<group>"; };
		6EF147EF27FFA4A500F7DE6E /* RestaurantTableViewCell.xib */ = {isa = PBXFileReference; fileEncoding = 4; lastKnownFileType = file.xib; name = RestaurantTableViewCell.xib; path = "../../../../../../../../../addinn-ala/Documents/repositories/JustEatDemo/JustEatDemo/Modules/Home/View/Cells/RestaurantTableViewCell.xib"; sourceTree = "<group>"; };
		6EF147F227FFA4B200F7DE6E /* HomePresenter.swift */ = {isa = PBXFileReference; fileEncoding = 4; lastKnownFileType = sourcecode.swift; name = HomePresenter.swift; path = "../../../../../../../../addinn-ala/Documents/repositories/JustEatDemo/JustEatDemo/Modules/Home/Presenter/HomePresenter.swift"; sourceTree = "<group>"; };
		6EF147F427FFA4BD00F7DE6E /* HomeInteractor.swift */ = {isa = PBXFileReference; fileEncoding = 4; lastKnownFileType = sourcecode.swift; name = HomeInteractor.swift; path = "../../../../../../../../addinn-ala/Documents/repositories/JustEatDemo/JustEatDemo/Modules/Home/Interactor/HomeInteractor.swift"; sourceTree = "<group>"; };
		6EF147F627FFA4CA00F7DE6E /* HomeLocalDataManager.swift */ = {isa = PBXFileReference; fileEncoding = 4; lastKnownFileType = sourcecode.swift; name = HomeLocalDataManager.swift; path = "../../../../../../../../../addinn-ala/Documents/repositories/JustEatDemo/JustEatDemo/Modules/Home/DataManager/Local/HomeLocalDataManager.swift"; sourceTree = "<group>"; };
		6EF147F827FFA4DE00F7DE6E /* SortingWireFrame.swift */ = {isa = PBXFileReference; fileEncoding = 4; lastKnownFileType = sourcecode.swift; name = SortingWireFrame.swift; path = "../../../../../../../../addinn-ala/Documents/repositories/JustEatDemo/JustEatDemo/Modules/Sorting/WireFrame/SortingWireFrame.swift"; sourceTree = "<group>"; };
		6EF147FA27FFA4EB00F7DE6E /* SortingPresenter.swift */ = {isa = PBXFileReference; fileEncoding = 4; lastKnownFileType = sourcecode.swift; name = SortingPresenter.swift; path = "../../../../../../../../addinn-ala/Documents/repositories/JustEatDemo/JustEatDemo/Modules/Sorting/Presenter/SortingPresenter.swift"; sourceTree = "<group>"; };
		6EF147FC27FFA4F500F7DE6E /* SortingProtocols.swift */ = {isa = PBXFileReference; fileEncoding = 4; lastKnownFileType = sourcecode.swift; name = SortingProtocols.swift; path = "../../../../../../../../addinn-ala/Documents/repositories/JustEatDemo/JustEatDemo/Modules/Sorting/Protocols/SortingProtocols.swift"; sourceTree = "<group>"; };
		6EF147FE27FFA50300F7DE6E /* ImageLinker.swift */ = {isa = PBXFileReference; fileEncoding = 4; lastKnownFileType = sourcecode.swift; name = ImageLinker.swift; path = "../../../../../../../addinn-ala/Documents/repositories/JustEatDemo/JustEatDemo/Common/Constants/ImageLinker.swift"; sourceTree = "<group>"; };
		6EF1480027FFA51200F7DE6E /* UIViewControllerExtension.swift */ = {isa = PBXFileReference; fileEncoding = 4; lastKnownFileType = sourcecode.swift; name = UIViewControllerExtension.swift; path = "../../../../../../../addinn-ala/Documents/repositories/JustEatDemo/JustEatDemo/Common/Extensions/UIViewControllerExtension.swift"; sourceTree = "<group>"; };
		6EF1480127FFA51200F7DE6E /* UIViewExtension.swift */ = {isa = PBXFileReference; fileEncoding = 4; lastKnownFileType = sourcecode.swift; name = UIViewExtension.swift; path = "../../../../../../../addinn-ala/Documents/repositories/JustEatDemo/JustEatDemo/Common/Extensions/UIViewExtension.swift"; sourceTree = "<group>"; };
		6EF1480227FFA51200F7DE6E /* UserDefaultsExtension.swift */ = {isa = PBXFileReference; fileEncoding = 4; lastKnownFileType = sourcecode.swift; name = UserDefaultsExtension.swift; path = "../../../../../../../addinn-ala/Documents/repositories/JustEatDemo/JustEatDemo/Common/Extensions/UserDefaultsExtension.swift"; sourceTree = "<group>"; };
		6EF1480327FFA51200F7DE6E /* UIColorExtension.swift */ = {isa = PBXFileReference; fileEncoding = 4; lastKnownFileType = sourcecode.swift; name = UIColorExtension.swift; path = "../../../../../../../addinn-ala/Documents/repositories/JustEatDemo/JustEatDemo/Common/Extensions/UIColorExtension.swift"; sourceTree = "<group>"; };
		8338657F6F3551F1FF7F2239 /* Pods-JustEatDemo.debug.xcconfig */ = {isa = PBXFileReference; includeInIndex = 1; lastKnownFileType = text.xcconfig; name = "Pods-JustEatDemo.debug.xcconfig"; path = "Target Support Files/Pods-JustEatDemo/Pods-JustEatDemo.debug.xcconfig"; sourceTree = "<group>"; };
		88BA94DE2735C66F22AA6E6A /* Pods-JustEatDemo-JustEatDemoUITests.debug.xcconfig */ = {isa = PBXFileReference; includeInIndex = 1; lastKnownFileType = text.xcconfig; name = "Pods-JustEatDemo-JustEatDemoUITests.debug.xcconfig"; path = "Target Support Files/Pods-JustEatDemo-JustEatDemoUITests/Pods-JustEatDemo-JustEatDemoUITests.debug.xcconfig"; sourceTree = "<group>"; };
		91D2D0475148EFCB1DA34435 /* Pods-JustEatDemo.release.xcconfig */ = {isa = PBXFileReference; includeInIndex = 1; lastKnownFileType = text.xcconfig; name = "Pods-JustEatDemo.release.xcconfig"; path = "Target Support Files/Pods-JustEatDemo/Pods-JustEatDemo.release.xcconfig"; sourceTree = "<group>"; };
		A29BA93F4A88DD9AE2B13F1E /* Pods-JustEatDemoTests.release.xcconfig */ = {isa = PBXFileReference; includeInIndex = 1; lastKnownFileType = text.xcconfig; name = "Pods-JustEatDemoTests.release.xcconfig"; path = "Target Support Files/Pods-JustEatDemoTests/Pods-JustEatDemoTests.release.xcconfig"; sourceTree = "<group>"; };
		A7A0BDAC4CC92207D35411F3 /* Pods_JustEatDemoTests.framework */ = {isa = PBXFileReference; explicitFileType = wrapper.framework; includeInIndex = 0; path = Pods_JustEatDemoTests.framework; sourceTree = BUILT_PRODUCTS_DIR; };
		C23B41D4E63CF6915B160572 /* Pods_JustEatDemo_JustEatDemoUITests.framework */ = {isa = PBXFileReference; explicitFileType = wrapper.framework; includeInIndex = 0; path = Pods_JustEatDemo_JustEatDemoUITests.framework; sourceTree = BUILT_PRODUCTS_DIR; };
		C3C55EA8031A2EA742E1714F /* Pods-JustEatDemo-JustEatDemoUITests.release.xcconfig */ = {isa = PBXFileReference; includeInIndex = 1; lastKnownFileType = text.xcconfig; name = "Pods-JustEatDemo-JustEatDemoUITests.release.xcconfig"; path = "Target Support Files/Pods-JustEatDemo-JustEatDemoUITests/Pods-JustEatDemo-JustEatDemoUITests.release.xcconfig"; sourceTree = "<group>"; };
/* End PBXFileReference section */

/* Begin PBXFrameworksBuildPhase section */
		6E1D342C27F3852600EBBB26 /* Frameworks */ = {
			isa = PBXFrameworksBuildPhase;
			buildActionMask = 2147483647;
			files = (
				76D53815F45C2AEBA228B721 /* Pods_JustEatDemo.framework in Frameworks */,
			);
			runOnlyForDeploymentPostprocessing = 0;
		};
		6E1D344227F3852900EBBB26 /* Frameworks */ = {
			isa = PBXFrameworksBuildPhase;
			buildActionMask = 2147483647;
			files = (
				4190D804BBE939BABADD9363 /* Pods_JustEatDemoTests.framework in Frameworks */,
			);
			runOnlyForDeploymentPostprocessing = 0;
		};
		6E1D344C27F3852900EBBB26 /* Frameworks */ = {
			isa = PBXFrameworksBuildPhase;
			buildActionMask = 2147483647;
			files = (
				AE41EC8936BE442BE9CEE562 /* Pods_JustEatDemo_JustEatDemoUITests.framework in Frameworks */,
			);
			runOnlyForDeploymentPostprocessing = 0;
		};
/* End PBXFrameworksBuildPhase section */

/* Begin PBXGroup section */
		20FF84160806CC02DB6716A7 /* Frameworks */ = {
			isa = PBXGroup;
			children = (
				655969A874416C8DA7311B4F /* Pods_JustEatDemo.framework */,
				C23B41D4E63CF6915B160572 /* Pods_JustEatDemo_JustEatDemoUITests.framework */,
				A7A0BDAC4CC92207D35411F3 /* Pods_JustEatDemoTests.framework */,
			);
			name = Frameworks;
			sourceTree = "<group>";
		};
		462B83A4F5A9620A20A1A043 /* Pods */ = {
			isa = PBXGroup;
			children = (
				8338657F6F3551F1FF7F2239 /* Pods-JustEatDemo.debug.xcconfig */,
				91D2D0475148EFCB1DA34435 /* Pods-JustEatDemo.release.xcconfig */,
				88BA94DE2735C66F22AA6E6A /* Pods-JustEatDemo-JustEatDemoUITests.debug.xcconfig */,
				C3C55EA8031A2EA742E1714F /* Pods-JustEatDemo-JustEatDemoUITests.release.xcconfig */,
				607CB27A70799368FCDDB39D /* Pods-JustEatDemoTests.debug.xcconfig */,
				A29BA93F4A88DD9AE2B13F1E /* Pods-JustEatDemoTests.release.xcconfig */,
			);
			path = Pods;
			sourceTree = "<group>";
		};
		6E1D342627F3852600EBBB26 = {
			isa = PBXGroup;
			children = (
				6E1D343127F3852600EBBB26 /* JustEatDemo */,
				6E1D344827F3852900EBBB26 /* JustEatDemoTests */,
				6E1D345227F3852900EBBB26 /* JustEatDemoUITests */,
				6E1D343027F3852600EBBB26 /* Products */,
				462B83A4F5A9620A20A1A043 /* Pods */,
				20FF84160806CC02DB6716A7 /* Frameworks */,
			);
			sourceTree = "<group>";
		};
		6E1D343027F3852600EBBB26 /* Products */ = {
			isa = PBXGroup;
			children = (
				6E1D342F27F3852600EBBB26 /* JustEatDemo.app */,
				6E1D344527F3852900EBBB26 /* JustEatDemoTests.xctest */,
				6E1D344F27F3852900EBBB26 /* JustEatDemoUITests.xctest */,
			);
			name = Products;
			sourceTree = "<group>";
		};
		6E1D343127F3852600EBBB26 /* JustEatDemo */ = {
			isa = PBXGroup;
			children = (
				6E1D346527F387B800EBBB26 /* Modules */,
				6E1D346427F387B400EBBB26 /* Common */,
				6E1D346327F3873C00EBBB26 /* Resources */,
				6E1D346227F3873500EBBB26 /* Application */,
				6EF1C1FF27FF29CA0074B45A /* SupportingFiles */,
			);
			path = JustEatDemo;
			sourceTree = "<group>";
		};
		6E1D344827F3852900EBBB26 /* JustEatDemoTests */ = {
			isa = PBXGroup;
			children = (
				6E1D344927F3852900EBBB26 /* JustEatDemoTests.swift */,
			);
			path = JustEatDemoTests;
			sourceTree = "<group>";
		};
		6E1D345227F3852900EBBB26 /* JustEatDemoUITests */ = {
			isa = PBXGroup;
			children = (
				6E1D345327F3852900EBBB26 /* JustEatDemoUITests.swift */,
				6E1D345527F3852900EBBB26 /* JustEatDemoUITestsLaunchTests.swift */,
			);
			path = JustEatDemoUITests;
			sourceTree = "<group>";
		};
		6E1D346227F3873500EBBB26 /* Application */ = {
			isa = PBXGroup;
			children = (
				6E1D343227F3852600EBBB26 /* AppDelegate.swift */,
				6E1D343427F3852600EBBB26 /* SceneDelegate.swift */,
			);
			path = Application;
			sourceTree = "<group>";
		};
		6E1D346327F3873C00EBBB26 /* Resources */ = {
			isa = PBXGroup;
			children = (
				6E1D346C27F389ED00EBBB26 /* example.json */,
				6E1D343B27F3852800EBBB26 /* Assets.xcassets */,
				6E1D344027F3852800EBBB26 /* Info.plist */,
			);
			path = Resources;
			sourceTree = "<group>";
		};
		6E1D346427F387B400EBBB26 /* Common */ = {
			isa = PBXGroup;
			children = (
				6EF1C1FB27FF287B0074B45A /* Constants */,
				6EB2645027FA01C00083AE32 /* Helpers */,
				6E1D347127F39DB800EBBB26 /* Extensions */,
				6E1D346727F3884000EBBB26 /* Entities */,
			);
			path = Common;
			sourceTree = "<group>";
		};
		6E1D346527F387B800EBBB26 /* Modules */ = {
			isa = PBXGroup;
			children = (
				6E1D346627F3882100EBBB26 /* Home */,
				6EC2FBC027FA49570005EE03 /* Sorting */,
			);
			path = Modules;
			sourceTree = "<group>";
		};
		6E1D346627F3882100EBBB26 /* Home */ = {
			isa = PBXGroup;
			children = (
				6E374A3A27F46B3E00B42F04 /* WireFrame */,
				6E374A3727F469E500B42F04 /* View */,
				6E374A3427F468DD00B42F04 /* Presenter */,
				6E374A3127F4641E00B42F04 /* Interactor */,
				6E374A2D27F45FF000B42F04 /* DataManager */,
				6E1D346E27F3915900EBBB26 /* Protocols */,
			);
			path = Home;
			sourceTree = "<group>";
		};
		6E1D346727F3884000EBBB26 /* Entities */ = {
			isa = PBXGroup;
			children = (
				6E1D346827F3885900EBBB26 /* Restaurant.swift */,
				6E1D346A27F3896100EBBB26 /* SortingValues.swift */,
			);
			path = Entities;
			sourceTree = "<group>";
		};
		6E1D346E27F3915900EBBB26 /* Protocols */ = {
			isa = PBXGroup;
			children = (
				6E1D346F27F3917600EBBB26 /* HomeProtocols.swift */,
			);
			path = Protocols;
			sourceTree = "<group>";
		};
		6E1D347127F39DB800EBBB26 /* Extensions */ = {
			isa = PBXGroup;
			children = (
				6EF1480327FFA51200F7DE6E /* UIColorExtension.swift */,
				6EF1480027FFA51200F7DE6E /* UIViewControllerExtension.swift */,
				6EF1480127FFA51200F7DE6E /* UIViewExtension.swift */,
				6EF1480227FFA51200F7DE6E /* UserDefaultsExtension.swift */,
				6E1D347227F39DDA00EBBB26 /* NestedDecodable.swift */,
			);
			path = Extensions;
			sourceTree = "<group>";
		};
		6E374A2D27F45FF000B42F04 /* DataManager */ = {
			isa = PBXGroup;
			children = (
				6E374A2E27F45FFF00B42F04 /* Local */,
			);
			path = DataManager;
			sourceTree = "<group>";
		};
		6E374A2E27F45FFF00B42F04 /* Local */ = {
			isa = PBXGroup;
			children = (
				6EF147F627FFA4CA00F7DE6E /* HomeLocalDataManager.swift */,
			);
			path = Local;
			sourceTree = "<group>";
		};
		6E374A3127F4641E00B42F04 /* Interactor */ = {
			isa = PBXGroup;
			children = (
				6EF147F427FFA4BD00F7DE6E /* HomeInteractor.swift */,
			);
			path = Interactor;
			sourceTree = "<group>";
		};
		6E374A3427F468DD00B42F04 /* Presenter */ = {
			isa = PBXGroup;
			children = (
				6EF147F227FFA4B200F7DE6E /* HomePresenter.swift */,
			);
			path = Presenter;
			sourceTree = "<group>";
		};
		6E374A3727F469E500B42F04 /* View */ = {
			isa = PBXGroup;
			children = (
				6EF12A4127F89330007409A0 /* Cells */,
				6EF147EC27FFA47E00F7DE6E /* HomeViewController.swift */,
			);
			path = View;
			sourceTree = "<group>";
		};
		6E374A3A27F46B3E00B42F04 /* WireFrame */ = {
			isa = PBXGroup;
			children = (
				6EF147EA27FFA45700F7DE6E /* HomeWireFrame.swift */,
			);
			path = WireFrame;
			sourceTree = "<group>";
		};
		6EB2645027FA01C00083AE32 /* Helpers */ = {
			isa = PBXGroup;
			children = (
			);
			path = Helpers;
			sourceTree = "<group>";
		};
		6EC2FBC027FA49570005EE03 /* Sorting */ = {
			isa = PBXGroup;
			children = (
				6EC2FBC127FA499D0005EE03 /* WireFrame */,
				6EC2FBC427FA49AC0005EE03 /* View */,
				6EC2FBC327FA49A50005EE03 /* Presenter */,
				6EC2FBC227FA49A10005EE03 /* Protocols */,
			);
			path = Sorting;
			sourceTree = "<group>";
		};
		6EC2FBC127FA499D0005EE03 /* WireFrame */ = {
			isa = PBXGroup;
			children = (
				6EF147F827FFA4DE00F7DE6E /* SortingWireFrame.swift */,
			);
			path = WireFrame;
			sourceTree = "<group>";
		};
		6EC2FBC227FA49A10005EE03 /* Protocols */ = {
			isa = PBXGroup;
			children = (
				6EF147FC27FFA4F500F7DE6E /* SortingProtocols.swift */,
			);
			path = Protocols;
			sourceTree = "<group>";
		};
		6EC2FBC327FA49A50005EE03 /* Presenter */ = {
			isa = PBXGroup;
			children = (
				6EF147FA27FFA4EB00F7DE6E /* SortingPresenter.swift */,
			);
			path = Presenter;
			sourceTree = "<group>";
		};
		6EC2FBC427FA49AC0005EE03 /* View */ = {
			isa = PBXGroup;
			children = (
				6EF1C1F327FEF5690074B45A /* Cells */,
				6EB2645327FA07A40083AE32 /* SortViewController.swift */,
			);
			path = View;
			sourceTree = "<group>";
		};
		6EF12A4127F89330007409A0 /* Cells */ = {
			isa = PBXGroup;
			children = (
				6EF147EE27FFA4A500F7DE6E /* RestaurantTableViewCell.swift */,
				6EF147EF27FFA4A500F7DE6E /* RestaurantTableViewCell.xib */,
			);
			path = Cells;
			sourceTree = "<group>";
		};
		6EF1C1F327FEF5690074B45A /* Cells */ = {
			isa = PBXGroup;
			children = (
				6EC2FBBC27FA46850005EE03 /* SortOptionTableViewCell.swift */,
				6EC2FBBD27FA46850005EE03 /* SortOptionTableViewCell.xib */,
			);
			path = Cells;
			sourceTree = "<group>";
		};
		6EF1C1FB27FF287B0074B45A /* Constants */ = {
			isa = PBXGroup;
			children = (
				6EF147FE27FFA50300F7DE6E /* ImageLinker.swift */,
			);
			path = Constants;
			sourceTree = "<group>";
		};
		6EF1C1FF27FF29CA0074B45A /* SupportingFiles */ = {
			isa = PBXGroup;
			children = (
				6E1D343827F3852600EBBB26 /* Main.storyboard */,
				6E1D343D27F3852800EBBB26 /* LaunchScreen.storyboard */,
			);
			path = SupportingFiles;
			sourceTree = "<group>";
		};
/* End PBXGroup section */

/* Begin PBXNativeTarget section */
		6E1D342E27F3852600EBBB26 /* JustEatDemo */ = {
			isa = PBXNativeTarget;
			buildConfigurationList = 6E1D345927F3852900EBBB26 /* Build configuration list for PBXNativeTarget "JustEatDemo" */;
			buildPhases = (
				70681895863494037326CD4D /* [CP] Check Pods Manifest.lock */,
				6E1D342B27F3852600EBBB26 /* Sources */,
				6E1D342C27F3852600EBBB26 /* Frameworks */,
				6E1D342D27F3852600EBBB26 /* Resources */,
				64A1DEC45042D9ED250D0016 /* [CP] Embed Pods Frameworks */,
			);
			buildRules = (
			);
			dependencies = (
			);
			name = JustEatDemo;
			productName = JustEatDemo;
			productReference = 6E1D342F27F3852600EBBB26 /* JustEatDemo.app */;
			productType = "com.apple.product-type.application";
		};
		6E1D344427F3852900EBBB26 /* JustEatDemoTests */ = {
			isa = PBXNativeTarget;
			buildConfigurationList = 6E1D345C27F3852900EBBB26 /* Build configuration list for PBXNativeTarget "JustEatDemoTests" */;
			buildPhases = (
				BD3849E79B78F3D359B5431C /* [CP] Check Pods Manifest.lock */,
				6E1D344127F3852900EBBB26 /* Sources */,
				6E1D344227F3852900EBBB26 /* Frameworks */,
				6E1D344327F3852900EBBB26 /* Resources */,
			);
			buildRules = (
			);
			dependencies = (
				6E1D344727F3852900EBBB26 /* PBXTargetDependency */,
			);
			name = JustEatDemoTests;
			productName = JustEatDemoTests;
			productReference = 6E1D344527F3852900EBBB26 /* JustEatDemoTests.xctest */;
			productType = "com.apple.product-type.bundle.unit-test";
		};
		6E1D344E27F3852900EBBB26 /* JustEatDemoUITests */ = {
			isa = PBXNativeTarget;
			buildConfigurationList = 6E1D345F27F3852900EBBB26 /* Build configuration list for PBXNativeTarget "JustEatDemoUITests" */;
			buildPhases = (
				1D1359A6F9064295580DB792 /* [CP] Check Pods Manifest.lock */,
				6E1D344B27F3852900EBBB26 /* Sources */,
				6E1D344C27F3852900EBBB26 /* Frameworks */,
				6E1D344D27F3852900EBBB26 /* Resources */,
				AD51E1E1E2D4D59A0022B8B1 /* [CP] Embed Pods Frameworks */,
			);
			buildRules = (
			);
			dependencies = (
				6E1D345127F3852900EBBB26 /* PBXTargetDependency */,
			);
			name = JustEatDemoUITests;
			productName = JustEatDemoUITests;
			productReference = 6E1D344F27F3852900EBBB26 /* JustEatDemoUITests.xctest */;
			productType = "com.apple.product-type.bundle.ui-testing";
		};
/* End PBXNativeTarget section */

/* Begin PBXProject section */
		6E1D342727F3852600EBBB26 /* Project object */ = {
			isa = PBXProject;
			attributes = {
				BuildIndependentTargetsInParallel = 1;
				LastSwiftUpdateCheck = 1320;
				LastUpgradeCheck = 1320;
				TargetAttributes = {
					6E1D342E27F3852600EBBB26 = {
						CreatedOnToolsVersion = 13.2.1;
					};
					6E1D344427F3852900EBBB26 = {
						CreatedOnToolsVersion = 13.2.1;
						TestTargetID = 6E1D342E27F3852600EBBB26;
					};
					6E1D344E27F3852900EBBB26 = {
						CreatedOnToolsVersion = 13.2.1;
						TestTargetID = 6E1D342E27F3852600EBBB26;
					};
				};
			};
			buildConfigurationList = 6E1D342A27F3852600EBBB26 /* Build configuration list for PBXProject "JustEatDemo" */;
			compatibilityVersion = "Xcode 13.0";
			developmentRegion = en;
			hasScannedForEncodings = 0;
			knownRegions = (
				en,
				Base,
			);
			mainGroup = 6E1D342627F3852600EBBB26;
			productRefGroup = 6E1D343027F3852600EBBB26 /* Products */;
			projectDirPath = "";
			projectRoot = "";
			targets = (
				6E1D342E27F3852600EBBB26 /* JustEatDemo */,
				6E1D344427F3852900EBBB26 /* JustEatDemoTests */,
				6E1D344E27F3852900EBBB26 /* JustEatDemoUITests */,
			);
		};
/* End PBXProject section */

/* Begin PBXResourcesBuildPhase section */
		6E1D342D27F3852600EBBB26 /* Resources */ = {
			isa = PBXResourcesBuildPhase;
			buildActionMask = 2147483647;
			files = (
				6EC2FBBF27FA46850005EE03 /* SortOptionTableViewCell.xib in Resources */,
				6E1D346D27F389ED00EBBB26 /* example.json in Resources */,
				6E1D343F27F3852800EBBB26 /* LaunchScreen.storyboard in Resources */,
				6E1D343C27F3852800EBBB26 /* Assets.xcassets in Resources */,
				6EF147F127FFA4A500F7DE6E /* RestaurantTableViewCell.xib in Resources */,
				6E1D343A27F3852600EBBB26 /* Main.storyboard in Resources */,
			);
			runOnlyForDeploymentPostprocessing = 0;
		};
		6E1D344327F3852900EBBB26 /* Resources */ = {
			isa = PBXResourcesBuildPhase;
			buildActionMask = 2147483647;
			files = (
			);
			runOnlyForDeploymentPostprocessing = 0;
		};
		6E1D344D27F3852900EBBB26 /* Resources */ = {
			isa = PBXResourcesBuildPhase;
			buildActionMask = 2147483647;
			files = (
			);
			runOnlyForDeploymentPostprocessing = 0;
		};
/* End PBXResourcesBuildPhase section */

/* Begin PBXShellScriptBuildPhase section */
		1D1359A6F9064295580DB792 /* [CP] Check Pods Manifest.lock */ = {
			isa = PBXShellScriptBuildPhase;
			buildActionMask = 2147483647;
			files = (
			);
			inputFileListPaths = (
			);
			inputPaths = (
				"${PODS_PODFILE_DIR_PATH}/Podfile.lock",
				"${PODS_ROOT}/Manifest.lock",
			);
			name = "[CP] Check Pods Manifest.lock";
			outputFileListPaths = (
			);
			outputPaths = (
				"$(DERIVED_FILE_DIR)/Pods-JustEatDemo-JustEatDemoUITests-checkManifestLockResult.txt",
			);
			runOnlyForDeploymentPostprocessing = 0;
			shellPath = /bin/sh;
			shellScript = "diff \"${PODS_PODFILE_DIR_PATH}/Podfile.lock\" \"${PODS_ROOT}/Manifest.lock\" > /dev/null\nif [ $? != 0 ] ; then\n    # print error to STDERR\n    echo \"error: The sandbox is not in sync with the Podfile.lock. Run 'pod install' or update your CocoaPods installation.\" >&2\n    exit 1\nfi\n# This output is used by Xcode 'outputs' to avoid re-running this script phase.\necho \"SUCCESS\" > \"${SCRIPT_OUTPUT_FILE_0}\"\n";
			showEnvVarsInLog = 0;
		};
		64A1DEC45042D9ED250D0016 /* [CP] Embed Pods Frameworks */ = {
			isa = PBXShellScriptBuildPhase;
			buildActionMask = 2147483647;
			files = (
			);
			inputFileListPaths = (
				"${PODS_ROOT}/Target Support Files/Pods-JustEatDemo/Pods-JustEatDemo-frameworks-${CONFIGURATION}-input-files.xcfilelist",
			);
			name = "[CP] Embed Pods Frameworks";
			outputFileListPaths = (
				"${PODS_ROOT}/Target Support Files/Pods-JustEatDemo/Pods-JustEatDemo-frameworks-${CONFIGURATION}-output-files.xcfilelist",
			);
			runOnlyForDeploymentPostprocessing = 0;
			shellPath = /bin/sh;
			shellScript = "\"${PODS_ROOT}/Target Support Files/Pods-JustEatDemo/Pods-JustEatDemo-frameworks.sh\"\n";
			showEnvVarsInLog = 0;
		};
		70681895863494037326CD4D /* [CP] Check Pods Manifest.lock */ = {
			isa = PBXShellScriptBuildPhase;
			buildActionMask = 2147483647;
			files = (
			);
			inputFileListPaths = (
			);
			inputPaths = (
				"${PODS_PODFILE_DIR_PATH}/Podfile.lock",
				"${PODS_ROOT}/Manifest.lock",
			);
			name = "[CP] Check Pods Manifest.lock";
			outputFileListPaths = (
			);
			outputPaths = (
				"$(DERIVED_FILE_DIR)/Pods-JustEatDemo-checkManifestLockResult.txt",
			);
			runOnlyForDeploymentPostprocessing = 0;
			shellPath = /bin/sh;
			shellScript = "diff \"${PODS_PODFILE_DIR_PATH}/Podfile.lock\" \"${PODS_ROOT}/Manifest.lock\" > /dev/null\nif [ $? != 0 ] ; then\n    # print error to STDERR\n    echo \"error: The sandbox is not in sync with the Podfile.lock. Run 'pod install' or update your CocoaPods installation.\" >&2\n    exit 1\nfi\n# This output is used by Xcode 'outputs' to avoid re-running this script phase.\necho \"SUCCESS\" > \"${SCRIPT_OUTPUT_FILE_0}\"\n";
			showEnvVarsInLog = 0;
		};
		AD51E1E1E2D4D59A0022B8B1 /* [CP] Embed Pods Frameworks */ = {
			isa = PBXShellScriptBuildPhase;
			buildActionMask = 2147483647;
			files = (
			);
			inputFileListPaths = (
				"${PODS_ROOT}/Target Support Files/Pods-JustEatDemo-JustEatDemoUITests/Pods-JustEatDemo-JustEatDemoUITests-frameworks-${CONFIGURATION}-input-files.xcfilelist",
			);
			name = "[CP] Embed Pods Frameworks";
			outputFileListPaths = (
				"${PODS_ROOT}/Target Support Files/Pods-JustEatDemo-JustEatDemoUITests/Pods-JustEatDemo-JustEatDemoUITests-frameworks-${CONFIGURATION}-output-files.xcfilelist",
			);
			runOnlyForDeploymentPostprocessing = 0;
			shellPath = /bin/sh;
			shellScript = "\"${PODS_ROOT}/Target Support Files/Pods-JustEatDemo-JustEatDemoUITests/Pods-JustEatDemo-JustEatDemoUITests-frameworks.sh\"\n";
			showEnvVarsInLog = 0;
		};
		BD3849E79B78F3D359B5431C /* [CP] Check Pods Manifest.lock */ = {
			isa = PBXShellScriptBuildPhase;
			buildActionMask = 2147483647;
			files = (
			);
			inputFileListPaths = (
			);
			inputPaths = (
				"${PODS_PODFILE_DIR_PATH}/Podfile.lock",
				"${PODS_ROOT}/Manifest.lock",
			);
			name = "[CP] Check Pods Manifest.lock";
			outputFileListPaths = (
			);
			outputPaths = (
				"$(DERIVED_FILE_DIR)/Pods-JustEatDemoTests-checkManifestLockResult.txt",
			);
			runOnlyForDeploymentPostprocessing = 0;
			shellPath = /bin/sh;
			shellScript = "diff \"${PODS_PODFILE_DIR_PATH}/Podfile.lock\" \"${PODS_ROOT}/Manifest.lock\" > /dev/null\nif [ $? != 0 ] ; then\n    # print error to STDERR\n    echo \"error: The sandbox is not in sync with the Podfile.lock. Run 'pod install' or update your CocoaPods installation.\" >&2\n    exit 1\nfi\n# This output is used by Xcode 'outputs' to avoid re-running this script phase.\necho \"SUCCESS\" > \"${SCRIPT_OUTPUT_FILE_0}\"\n";
			showEnvVarsInLog = 0;
		};
/* End PBXShellScriptBuildPhase section */

/* Begin PBXSourcesBuildPhase section */
		6E1D342B27F3852600EBBB26 /* Sources */ = {
			isa = PBXSourcesBuildPhase;
			buildActionMask = 2147483647;
			files = (
				6E1D346927F3885900EBBB26 /* Restaurant.swift in Sources */,
				6EF147FB27FFA4EB00F7DE6E /* SortingPresenter.swift in Sources */,
				6E1D343327F3852600EBBB26 /* AppDelegate.swift in Sources */,
				6EF147F327FFA4B200F7DE6E /* HomePresenter.swift in Sources */,
				6E1D343527F3852600EBBB26 /* SceneDelegate.swift in Sources */,
				6EF1480527FFA51200F7DE6E /* UIViewExtension.swift in Sources */,
				6EF1480427FFA51200F7DE6E /* UIViewControllerExtension.swift in Sources */,
				6EF147ED27FFA47E00F7DE6E /* HomeViewController.swift in Sources */,
				6EF147FF27FFA50300F7DE6E /* ImageLinker.swift in Sources */,
				6E1D347327F39DDA00EBBB26 /* NestedDecodable.swift in Sources */,
				6E1D347027F3917600EBBB26 /* HomeProtocols.swift in Sources */,
				6EF147FD27FFA4F500F7DE6E /* SortingProtocols.swift in Sources */,
				6EF1480627FFA51200F7DE6E /* UserDefaultsExtension.swift in Sources */,
				6EB2645427FA07A40083AE32 /* SortViewController.swift in Sources */,
				6EF147F027FFA4A500F7DE6E /* RestaurantTableViewCell.swift in Sources */,
				6EF147F727FFA4CA00F7DE6E /* HomeLocalDataManager.swift in Sources */,
				6EF1480727FFA51200F7DE6E /* UIColorExtension.swift in Sources */,
				6EC2FBBE27FA46850005EE03 /* SortOptionTableViewCell.swift in Sources */,
				6EF147F927FFA4DE00F7DE6E /* SortingWireFrame.swift in Sources */,
				6EF147EB27FFA45700F7DE6E /* HomeWireFrame.swift in Sources */,
				6EF147F527FFA4BD00F7DE6E /* HomeInteractor.swift in Sources */,
				6E1D346B27F3896100EBBB26 /* SortingValues.swift in Sources */,
			);
			runOnlyForDeploymentPostprocessing = 0;
		};
		6E1D344127F3852900EBBB26 /* Sources */ = {
			isa = PBXSourcesBuildPhase;
			buildActionMask = 2147483647;
			files = (
				6E1D344A27F3852900EBBB26 /* JustEatDemoTests.swift in Sources */,
			);
			runOnlyForDeploymentPostprocessing = 0;
		};
		6E1D344B27F3852900EBBB26 /* Sources */ = {
			isa = PBXSourcesBuildPhase;
			buildActionMask = 2147483647;
			files = (
				6E1D345627F3852900EBBB26 /* JustEatDemoUITestsLaunchTests.swift in Sources */,
				6E1D345427F3852900EBBB26 /* JustEatDemoUITests.swift in Sources */,
			);
			runOnlyForDeploymentPostprocessing = 0;
		};
/* End PBXSourcesBuildPhase section */

/* Begin PBXTargetDependency section */
		6E1D344727F3852900EBBB26 /* PBXTargetDependency */ = {
			isa = PBXTargetDependency;
			target = 6E1D342E27F3852600EBBB26 /* JustEatDemo */;
			targetProxy = 6E1D344627F3852900EBBB26 /* PBXContainerItemProxy */;
		};
		6E1D345127F3852900EBBB26 /* PBXTargetDependency */ = {
			isa = PBXTargetDependency;
			target = 6E1D342E27F3852600EBBB26 /* JustEatDemo */;
			targetProxy = 6E1D345027F3852900EBBB26 /* PBXContainerItemProxy */;
		};
/* End PBXTargetDependency section */

/* Begin PBXVariantGroup section */
		6E1D343827F3852600EBBB26 /* Main.storyboard */ = {
			isa = PBXVariantGroup;
			children = (
				6E1D343927F3852600EBBB26 /* Base */,
			);
			name = Main.storyboard;
			sourceTree = "<group>";
		};
		6E1D343D27F3852800EBBB26 /* LaunchScreen.storyboard */ = {
			isa = PBXVariantGroup;
			children = (
				6E1D343E27F3852800EBBB26 /* Base */,
			);
			name = LaunchScreen.storyboard;
			sourceTree = "<group>";
		};
/* End PBXVariantGroup section */

/* Begin XCBuildConfiguration section */
		6E1D345727F3852900EBBB26 /* Debug */ = {
			isa = XCBuildConfiguration;
			buildSettings = {
				ALWAYS_SEARCH_USER_PATHS = NO;
				CLANG_ANALYZER_NONNULL = YES;
				CLANG_ANALYZER_NUMBER_OBJECT_CONVERSION = YES_AGGRESSIVE;
				CLANG_CXX_LANGUAGE_STANDARD = "gnu++17";
				CLANG_CXX_LIBRARY = "libc++";
				CLANG_ENABLE_MODULES = YES;
				CLANG_ENABLE_OBJC_ARC = YES;
				CLANG_ENABLE_OBJC_WEAK = YES;
				CLANG_WARN_BLOCK_CAPTURE_AUTORELEASING = YES;
				CLANG_WARN_BOOL_CONVERSION = YES;
				CLANG_WARN_COMMA = YES;
				CLANG_WARN_CONSTANT_CONVERSION = YES;
				CLANG_WARN_DEPRECATED_OBJC_IMPLEMENTATIONS = YES;
				CLANG_WARN_DIRECT_OBJC_ISA_USAGE = YES_ERROR;
				CLANG_WARN_DOCUMENTATION_COMMENTS = YES;
				CLANG_WARN_EMPTY_BODY = YES;
				CLANG_WARN_ENUM_CONVERSION = YES;
				CLANG_WARN_INFINITE_RECURSION = YES;
				CLANG_WARN_INT_CONVERSION = YES;
				CLANG_WARN_NON_LITERAL_NULL_CONVERSION = YES;
				CLANG_WARN_OBJC_IMPLICIT_RETAIN_SELF = YES;
				CLANG_WARN_OBJC_LITERAL_CONVERSION = YES;
				CLANG_WARN_OBJC_ROOT_CLASS = YES_ERROR;
				CLANG_WARN_QUOTED_INCLUDE_IN_FRAMEWORK_HEADER = YES;
				CLANG_WARN_RANGE_LOOP_ANALYSIS = YES;
				CLANG_WARN_STRICT_PROTOTYPES = YES;
				CLANG_WARN_SUSPICIOUS_MOVE = YES;
				CLANG_WARN_UNGUARDED_AVAILABILITY = YES_AGGRESSIVE;
				CLANG_WARN_UNREACHABLE_CODE = YES;
				CLANG_WARN__DUPLICATE_METHOD_MATCH = YES;
				COPY_PHASE_STRIP = NO;
				DEBUG_INFORMATION_FORMAT = dwarf;
				ENABLE_STRICT_OBJC_MSGSEND = YES;
				ENABLE_TESTABILITY = YES;
				GCC_C_LANGUAGE_STANDARD = gnu11;
				GCC_DYNAMIC_NO_PIC = NO;
				GCC_NO_COMMON_BLOCKS = YES;
				GCC_OPTIMIZATION_LEVEL = 0;
				GCC_PREPROCESSOR_DEFINITIONS = (
					"DEBUG=1",
					"$(inherited)",
				);
				GCC_WARN_64_TO_32_BIT_CONVERSION = YES;
				GCC_WARN_ABOUT_RETURN_TYPE = YES_ERROR;
				GCC_WARN_UNDECLARED_SELECTOR = YES;
				GCC_WARN_UNINITIALIZED_AUTOS = YES_AGGRESSIVE;
				GCC_WARN_UNUSED_FUNCTION = YES;
				GCC_WARN_UNUSED_VARIABLE = YES;
				IPHONEOS_DEPLOYMENT_TARGET = 13.0;
				MTL_ENABLE_DEBUG_INFO = INCLUDE_SOURCE;
				MTL_FAST_MATH = YES;
				ONLY_ACTIVE_ARCH = YES;
				SDKROOT = iphoneos;
				SWIFT_ACTIVE_COMPILATION_CONDITIONS = DEBUG;
				SWIFT_OPTIMIZATION_LEVEL = "-Onone";
			};
			name = Debug;
		};
		6E1D345827F3852900EBBB26 /* Release */ = {
			isa = XCBuildConfiguration;
			buildSettings = {
				ALWAYS_SEARCH_USER_PATHS = NO;
				CLANG_ANALYZER_NONNULL = YES;
				CLANG_ANALYZER_NUMBER_OBJECT_CONVERSION = YES_AGGRESSIVE;
				CLANG_CXX_LANGUAGE_STANDARD = "gnu++17";
				CLANG_CXX_LIBRARY = "libc++";
				CLANG_ENABLE_MODULES = YES;
				CLANG_ENABLE_OBJC_ARC = YES;
				CLANG_ENABLE_OBJC_WEAK = YES;
				CLANG_WARN_BLOCK_CAPTURE_AUTORELEASING = YES;
				CLANG_WARN_BOOL_CONVERSION = YES;
				CLANG_WARN_COMMA = YES;
				CLANG_WARN_CONSTANT_CONVERSION = YES;
				CLANG_WARN_DEPRECATED_OBJC_IMPLEMENTATIONS = YES;
				CLANG_WARN_DIRECT_OBJC_ISA_USAGE = YES_ERROR;
				CLANG_WARN_DOCUMENTATION_COMMENTS = YES;
				CLANG_WARN_EMPTY_BODY = YES;
				CLANG_WARN_ENUM_CONVERSION = YES;
				CLANG_WARN_INFINITE_RECURSION = YES;
				CLANG_WARN_INT_CONVERSION = YES;
				CLANG_WARN_NON_LITERAL_NULL_CONVERSION = YES;
				CLANG_WARN_OBJC_IMPLICIT_RETAIN_SELF = YES;
				CLANG_WARN_OBJC_LITERAL_CONVERSION = YES;
				CLANG_WARN_OBJC_ROOT_CLASS = YES_ERROR;
				CLANG_WARN_QUOTED_INCLUDE_IN_FRAMEWORK_HEADER = YES;
				CLANG_WARN_RANGE_LOOP_ANALYSIS = YES;
				CLANG_WARN_STRICT_PROTOTYPES = YES;
				CLANG_WARN_SUSPICIOUS_MOVE = YES;
				CLANG_WARN_UNGUARDED_AVAILABILITY = YES_AGGRESSIVE;
				CLANG_WARN_UNREACHABLE_CODE = YES;
				CLANG_WARN__DUPLICATE_METHOD_MATCH = YES;
				COPY_PHASE_STRIP = NO;
				DEBUG_INFORMATION_FORMAT = "dwarf-with-dsym";
				ENABLE_NS_ASSERTIONS = NO;
				ENABLE_STRICT_OBJC_MSGSEND = YES;
				GCC_C_LANGUAGE_STANDARD = gnu11;
				GCC_NO_COMMON_BLOCKS = YES;
				GCC_WARN_64_TO_32_BIT_CONVERSION = YES;
				GCC_WARN_ABOUT_RETURN_TYPE = YES_ERROR;
				GCC_WARN_UNDECLARED_SELECTOR = YES;
				GCC_WARN_UNINITIALIZED_AUTOS = YES_AGGRESSIVE;
				GCC_WARN_UNUSED_FUNCTION = YES;
				GCC_WARN_UNUSED_VARIABLE = YES;
				IPHONEOS_DEPLOYMENT_TARGET = 13.0;
				MTL_ENABLE_DEBUG_INFO = NO;
				MTL_FAST_MATH = YES;
				SDKROOT = iphoneos;
				SWIFT_COMPILATION_MODE = wholemodule;
				SWIFT_OPTIMIZATION_LEVEL = "-O";
				VALIDATE_PRODUCT = YES;
			};
			name = Release;
		};
		6E1D345A27F3852900EBBB26 /* Debug */ = {
			isa = XCBuildConfiguration;
			baseConfigurationReference = 8338657F6F3551F1FF7F2239 /* Pods-JustEatDemo.debug.xcconfig */;
			buildSettings = {
				ASSETCATALOG_COMPILER_APPICON_NAME = AppIcon;
				ASSETCATALOG_COMPILER_GLOBAL_ACCENT_COLOR_NAME = AccentColor;
				CODE_SIGN_STYLE = Automatic;
				CURRENT_PROJECT_VERSION = 1;
				DEVELOPMENT_TEAM = 775D398F3U;
				GENERATE_INFOPLIST_FILE = YES;
				INFOPLIST_FILE = JustEatDemo/Resources/Info.plist;
				INFOPLIST_KEY_UIApplicationSupportsIndirectInputEvents = YES;
				INFOPLIST_KEY_UILaunchStoryboardName = LaunchScreen;
				INFOPLIST_KEY_UIMainStoryboardFile = Main;
				INFOPLIST_KEY_UISupportedInterfaceOrientations_iPad = "UIInterfaceOrientationPortrait UIInterfaceOrientationPortraitUpsideDown UIInterfaceOrientationLandscapeLeft UIInterfaceOrientationLandscapeRight";
				INFOPLIST_KEY_UISupportedInterfaceOrientations_iPhone = "UIInterfaceOrientationPortrait UIInterfaceOrientationLandscapeLeft UIInterfaceOrientationLandscapeRight";
				LD_RUNPATH_SEARCH_PATHS = (
					"$(inherited)",
					"@executable_path/Frameworks",
				);
				MARKETING_VERSION = 1.0;
				PRODUCT_BUNDLE_IDENTIFIER = com.aladdinhouas.JustEatDemo;
				PRODUCT_NAME = "$(TARGET_NAME)";
				SWIFT_EMIT_LOC_STRINGS = YES;
				SWIFT_VERSION = 5.0;
				TARGETED_DEVICE_FAMILY = "1,2";
			};
			name = Debug;
		};
		6E1D345B27F3852900EBBB26 /* Release */ = {
			isa = XCBuildConfiguration;
			baseConfigurationReference = 91D2D0475148EFCB1DA34435 /* Pods-JustEatDemo.release.xcconfig */;
			buildSettings = {
				ASSETCATALOG_COMPILER_APPICON_NAME = AppIcon;
				ASSETCATALOG_COMPILER_GLOBAL_ACCENT_COLOR_NAME = AccentColor;
				CODE_SIGN_STYLE = Automatic;
				CURRENT_PROJECT_VERSION = 1;
				DEVELOPMENT_TEAM = 775D398F3U;
				GENERATE_INFOPLIST_FILE = YES;
				INFOPLIST_FILE = JustEatDemo/Resources/Info.plist;
				INFOPLIST_KEY_UIApplicationSupportsIndirectInputEvents = YES;
				INFOPLIST_KEY_UILaunchStoryboardName = LaunchScreen;
				INFOPLIST_KEY_UIMainStoryboardFile = Main;
				INFOPLIST_KEY_UISupportedInterfaceOrientations_iPad = "UIInterfaceOrientationPortrait UIInterfaceOrientationPortraitUpsideDown UIInterfaceOrientationLandscapeLeft UIInterfaceOrientationLandscapeRight";
				INFOPLIST_KEY_UISupportedInterfaceOrientations_iPhone = "UIInterfaceOrientationPortrait UIInterfaceOrientationLandscapeLeft UIInterfaceOrientationLandscapeRight";
				LD_RUNPATH_SEARCH_PATHS = (
					"$(inherited)",
					"@executable_path/Frameworks",
				);
				MARKETING_VERSION = 1.0;
				PRODUCT_BUNDLE_IDENTIFIER = com.aladdinhouas.JustEatDemo;
				PRODUCT_NAME = "$(TARGET_NAME)";
				SWIFT_EMIT_LOC_STRINGS = YES;
				SWIFT_VERSION = 5.0;
				TARGETED_DEVICE_FAMILY = "1,2";
			};
			name = Release;
		};
		6E1D345D27F3852900EBBB26 /* Debug */ = {
			isa = XCBuildConfiguration;
			baseConfigurationReference = 607CB27A70799368FCDDB39D /* Pods-JustEatDemoTests.debug.xcconfig */;
			buildSettings = {
				ALWAYS_EMBED_SWIFT_STANDARD_LIBRARIES = YES;
				BUNDLE_LOADER = "$(TEST_HOST)";
				CODE_SIGN_STYLE = Automatic;
				CURRENT_PROJECT_VERSION = 1;
				DEVELOPMENT_TEAM = 775D398F3U;
				GENERATE_INFOPLIST_FILE = YES;
				IPHONEOS_DEPLOYMENT_TARGET = 15.2;
				MARKETING_VERSION = 1.0;
				PRODUCT_BUNDLE_IDENTIFIER = com.aladdinhouas.JustEatDemoTests;
				PRODUCT_NAME = "$(TARGET_NAME)";
				SWIFT_EMIT_LOC_STRINGS = NO;
				SWIFT_VERSION = 5.0;
				TARGETED_DEVICE_FAMILY = "1,2";
				TEST_HOST = "$(BUILT_PRODUCTS_DIR)/JustEatDemo.app/JustEatDemo";
			};
			name = Debug;
		};
		6E1D345E27F3852900EBBB26 /* Release */ = {
			isa = XCBuildConfiguration;
			baseConfigurationReference = A29BA93F4A88DD9AE2B13F1E /* Pods-JustEatDemoTests.release.xcconfig */;
			buildSettings = {
				ALWAYS_EMBED_SWIFT_STANDARD_LIBRARIES = YES;
				BUNDLE_LOADER = "$(TEST_HOST)";
				CODE_SIGN_STYLE = Automatic;
				CURRENT_PROJECT_VERSION = 1;
				DEVELOPMENT_TEAM = 775D398F3U;
				GENERATE_INFOPLIST_FILE = YES;
				IPHONEOS_DEPLOYMENT_TARGET = 15.2;
				MARKETING_VERSION = 1.0;
				PRODUCT_BUNDLE_IDENTIFIER = com.aladdinhouas.JustEatDemoTests;
				PRODUCT_NAME = "$(TARGET_NAME)";
				SWIFT_EMIT_LOC_STRINGS = NO;
				SWIFT_VERSION = 5.0;
				TARGETED_DEVICE_FAMILY = "1,2";
				TEST_HOST = "$(BUILT_PRODUCTS_DIR)/JustEatDemo.app/JustEatDemo";
			};
			name = Release;
		};
		6E1D346027F3852900EBBB26 /* Debug */ = {
			isa = XCBuildConfiguration;
			baseConfigurationReference = 88BA94DE2735C66F22AA6E6A /* Pods-JustEatDemo-JustEatDemoUITests.debug.xcconfig */;
			buildSettings = {
				ALWAYS_EMBED_SWIFT_STANDARD_LIBRARIES = YES;
				CODE_SIGN_STYLE = Automatic;
				CURRENT_PROJECT_VERSION = 1;
				DEVELOPMENT_TEAM = 775D398F3U;
				GENERATE_INFOPLIST_FILE = YES;
				MARKETING_VERSION = 1.0;
				PRODUCT_BUNDLE_IDENTIFIER = com.aladdinhouas.JustEatDemoUITests;
				PRODUCT_NAME = "$(TARGET_NAME)";
				SWIFT_EMIT_LOC_STRINGS = NO;
				SWIFT_VERSION = 5.0;
				TARGETED_DEVICE_FAMILY = "1,2";
				TEST_TARGET_NAME = JustEatDemo;
			};
			name = Debug;
		};
		6E1D346127F3852900EBBB26 /* Release */ = {
			isa = XCBuildConfiguration;
			baseConfigurationReference = C3C55EA8031A2EA742E1714F /* Pods-JustEatDemo-JustEatDemoUITests.release.xcconfig */;
			buildSettings = {
				ALWAYS_EMBED_SWIFT_STANDARD_LIBRARIES = YES;
				CODE_SIGN_STYLE = Automatic;
				CURRENT_PROJECT_VERSION = 1;
				DEVELOPMENT_TEAM = 775D398F3U;
				GENERATE_INFOPLIST_FILE = YES;
				MARKETING_VERSION = 1.0;
				PRODUCT_BUNDLE_IDENTIFIER = com.aladdinhouas.JustEatDemoUITests;
				PRODUCT_NAME = "$(TARGET_NAME)";
				SWIFT_EMIT_LOC_STRINGS = NO;
				SWIFT_VERSION = 5.0;
				TARGETED_DEVICE_FAMILY = "1,2";
				TEST_TARGET_NAME = JustEatDemo;
			};
			name = Release;
		};
/* End XCBuildConfiguration section */

/* Begin XCConfigurationList section */
		6E1D342A27F3852600EBBB26 /* Build configuration list for PBXProject "JustEatDemo" */ = {
			isa = XCConfigurationList;
			buildConfigurations = (
				6E1D345727F3852900EBBB26 /* Debug */,
				6E1D345827F3852900EBBB26 /* Release */,
			);
			defaultConfigurationIsVisible = 0;
			defaultConfigurationName = Release;
		};
		6E1D345927F3852900EBBB26 /* Build configuration list for PBXNativeTarget "JustEatDemo" */ = {
			isa = XCConfigurationList;
			buildConfigurations = (
				6E1D345A27F3852900EBBB26 /* Debug */,
				6E1D345B27F3852900EBBB26 /* Release */,
			);
			defaultConfigurationIsVisible = 0;
			defaultConfigurationName = Release;
		};
		6E1D345C27F3852900EBBB26 /* Build configuration list for PBXNativeTarget "JustEatDemoTests" */ = {
			isa = XCConfigurationList;
			buildConfigurations = (
				6E1D345D27F3852900EBBB26 /* Debug */,
				6E1D345E27F3852900EBBB26 /* Release */,
			);
			defaultConfigurationIsVisible = 0;
			defaultConfigurationName = Release;
		};
		6E1D345F27F3852900EBBB26 /* Build configuration list for PBXNativeTarget "JustEatDemoUITests" */ = {
			isa = XCConfigurationList;
			buildConfigurations = (
				6E1D346027F3852900EBBB26 /* Debug */,
				6E1D346127F3852900EBBB26 /* Release */,
			);
			defaultConfigurationIsVisible = 0;
			defaultConfigurationName = Release;
		};
/* End XCConfigurationList section */
	};
	rootObject = 6E1D342727F3852600EBBB26 /* Project object */;
}
